
Microsoft Visual Studio Solution File, Format Version 12.00
# Visual Studio Version 17
VisualStudioVersion = 17.9.34728.123
MinimumVisualStudioVersion = 10.0.40219.1
Project("{FAE04EC0-301F-11D3-BF4B-00C04F79EFBC}") = "ProyectoProgra5", "ProjectoProgra5\ProyectoProgra5.csproj", "{0B1C6E3A-4D7A-425B-8056-4A6D1A75C879}"
EndProject
Global
	GlobalSection(SolutionConfigurationPlatforms) = preSolution
		Debug|Any CPU = Debug|Any CPU
		Release|Any CPU = Release|Any CPU
	EndGlobalSection
	GlobalSection(ProjectConfigurationPlatforms) = postSolution
		{0B1C6E3A-4D7A-425B-8056-4A6D1A75C879}.Debug|Any CPU.ActiveCfg = Debug|Any CPU
		{0B1C6E3A-4D7A-425B-8056-4A6D1A75C879}.Debug|Any CPU.Build.0 = Debug|Any CPU
		{0B1C6E3A-4D7A-425B-8056-4A6D1A75C879}.Release|Any CPU.ActiveCfg = Release|Any CPU
		{0B1C6E3A-4D7A-425B-8056-4A6D1A75C879}.Release|Any CPU.Build.0 = Release|Any CPU
	EndGlobalSection
	GlobalSection(SolutionProperties) = preSolution
		HideSolutionNode = FALSE
	EndGlobalSection
	GlobalSection(ExtensibilityGlobals) = postSolution
		SolutionGuid = {D8432FB9-1ED6-4053-BEA6-7E5538BBACC8}
	EndGlobalSection
EndGlobal
